
Microsoft Visual Studio Solution File, Format Version 12.00
# Visual Studio Version 17
VisualStudioVersion = 17.0.31903.59
MinimumVisualStudioVersion = 10.0.40219.1
Project("{2150E333-8FDC-42A3-9474-1A3956D46DE8}") = "src", "src", "{8397F202-E819-4200-A2A5-8094C594C0D3}"
EndProject
Project("{FAE04EC0-301F-11D3-BF4B-00C04F79EFBC}") = "Bot.Abstractions", "src\Bot.Abstractions\Bot.Abstractions.csproj", "{27C03CF3-E889-485F-8D18-DB5CB343E99B}"
EndProject
Project("{FAE04EC0-301F-11D3-BF4B-00C04F79EFBC}") = "Bot.Core", "src\Bot.Core\Bot.Core.csproj", "{9028DAAB-8BFA-4A13-9434-875362FE37F3}"
EndProject
Project("{FAE04EC0-301F-11D3-BF4B-00C04F79EFBC}") = "Bot.Hosting", "src\Bot.Hosting\Bot.Hosting.csproj", "{E42E92DA-6AB9-4C6D-B11D-4BCDAE31B040}"
EndProject
Project("{FAE04EC0-301F-11D3-BF4B-00C04F79EFBC}") = "Bot.Storage.File", "src\Bot.Storage.File\Bot.Storage.File.csproj", "{9C0304B5-1B6F-48BD-8B60-7E6D8BA9E99D}"
EndProject
Project("{FAE04EC0-301F-11D3-BF4B-00C04F79EFBC}") = "Bot.Telegram", "src\Bot.Telegram\Bot.Telegram.csproj", "{15B7F1AA-22DA-491F-9F82-95012BB067F3}"
EndProject
Project("{FAE04EC0-301F-11D3-BF4B-00C04F79EFBC}") = "Bot.TestKit", "src\Bot.TestKit\Bot.TestKit.csproj", "{A4A33970-E551-4E52-91EF-7056FCF24579}"
EndProject
Project("{FAE04EC0-301F-11D3-BF4B-00C04F79EFBC}") = "Bot.Storage.Redis", "src\Bot.Storage.Redis\Bot.Storage.Redis.csproj", "{27E0B595-DCCE-49C9-BC4B-468AC0CDE92B}"
EndProject
Project("{FAE04EC0-301F-11D3-BF4B-00C04F79EFBC}") = "Bot.Storage.EFCore", "src\Bot.Storage.EFCore\Bot.Storage.EFCore.csproj", "{8AB7EEBC-C47A-4480-9DC2-C004EE73ACAF}"
EndProject
Project("{2150E333-8FDC-42A3-9474-1A3956D46DE8}") = "tests", "tests", "{BE4D6C6D-FAB8-4E73-8EDB-4FB292557457}"
EndProject
Project("{FAE04EC0-301F-11D3-BF4B-00C04F79EFBC}") = "Bot.Core.Tests", "tests\Bot.Core.Tests\Bot.Core.Tests.csproj", "{FE69A81B-2423-4EDF-925F-87C2682AE416}"
EndProject
Project("{FAE04EC0-301F-11D3-BF4B-00C04F79EFBC}") = "Bot.Storage.File.Tests", "tests\Bot.Storage.File.Tests\Bot.Storage.File.Tests.csproj", "{985C8FA1-C70C-46F2-B052-89021153A4D5}"
EndProject
Project("{FAE04EC0-301F-11D3-BF4B-00C04F79EFBC}") = "Bot.Storage.Redis.Tests", "tests\Bot.Storage.Redis.Tests\Bot.Storage.Redis.Tests.csproj", "{BDBF18B9-3312-48FC-9476-4AE2BF1D43B7}"
EndProject
Project("{FAE04EC0-301F-11D3-BF4B-00C04F79EFBC}") = "Bot.Storage.EFCore.Tests", "tests\Bot.Storage.EFCore.Tests\Bot.Storage.EFCore.Tests.csproj", "{8497CD8C-2C0D-48DE-B10F-905A0CBE714B}"
EndProject
Project("{2150E333-8FDC-42A3-9474-1A3956D46DE8}") = "examples", "examples", "{830A1E86-A6C0-47B5-9748-72F6B1865577}"
EndProject
Project("{FAE04EC0-301F-11D3-BF4B-00C04F79EFBC}") = "Bot.Examples.HelloBot", "examples\Bot.Examples.HelloBot\Bot.Examples.HelloBot.csproj", "{9A9F05AD-3592-4E07-A379-92FD0F6F7FD1}"
EndProject
Project("{FAE04EC0-301F-11D3-BF4B-00C04F79EFBC}") = "Bot.Examples.WebhookBot", "examples\Bot.Examples.WebhookBot\Bot.Examples.WebhookBot.csproj", "{2598373C-6BE5-42C0-90E2-9D7CE3E8DE83}"
EndProject
Project("{FAE04EC0-301F-11D3-BF4B-00C04F79EFBC}") = "Bot.Admin.MinimalApi", "src\Bot.Admin.MinimalApi\Bot.Admin.MinimalApi.csproj", "{CA715372-E1CE-40D2-B2A8-8573457D538A}"
EndProject
Project("{FAE04EC0-301F-11D3-BF4B-00C04F79EFBC}") = "Bot.Admin.MinimalApi.Tests", "tests\Bot.Admin.MinimalApi.Tests\Bot.Admin.MinimalApi.Tests.csproj", "{66435E7A-939C-41BF-B330-C547E4D8FDCB}"
EndProject
Global
	GlobalSection(SolutionConfigurationPlatforms) = preSolution
		Debug|Any CPU = Debug|Any CPU
		Release|Any CPU = Release|Any CPU
	EndGlobalSection
	GlobalSection(SolutionProperties) = preSolution
		HideSolutionNode = FALSE
	EndGlobalSection
	GlobalSection(ProjectConfigurationPlatforms) = postSolution
		{27C03CF3-E889-485F-8D18-DB5CB343E99B}.Debug|Any CPU.ActiveCfg = Debug|Any CPU
		{27C03CF3-E889-485F-8D18-DB5CB343E99B}.Debug|Any CPU.Build.0 = Debug|Any CPU
		{27C03CF3-E889-485F-8D18-DB5CB343E99B}.Release|Any CPU.ActiveCfg = Release|Any CPU
		{27C03CF3-E889-485F-8D18-DB5CB343E99B}.Release|Any CPU.Build.0 = Release|Any CPU
		{9028DAAB-8BFA-4A13-9434-875362FE37F3}.Debug|Any CPU.ActiveCfg = Debug|Any CPU
		{9028DAAB-8BFA-4A13-9434-875362FE37F3}.Debug|Any CPU.Build.0 = Debug|Any CPU
		{9028DAAB-8BFA-4A13-9434-875362FE37F3}.Release|Any CPU.ActiveCfg = Release|Any CPU
		{9028DAAB-8BFA-4A13-9434-875362FE37F3}.Release|Any CPU.Build.0 = Release|Any CPU
		{E42E92DA-6AB9-4C6D-B11D-4BCDAE31B040}.Debug|Any CPU.ActiveCfg = Debug|Any CPU
		{E42E92DA-6AB9-4C6D-B11D-4BCDAE31B040}.Debug|Any CPU.Build.0 = Debug|Any CPU
		{E42E92DA-6AB9-4C6D-B11D-4BCDAE31B040}.Release|Any CPU.ActiveCfg = Release|Any CPU
		{E42E92DA-6AB9-4C6D-B11D-4BCDAE31B040}.Release|Any CPU.Build.0 = Release|Any CPU
		{9C0304B5-1B6F-48BD-8B60-7E6D8BA9E99D}.Debug|Any CPU.ActiveCfg = Debug|Any CPU
		{9C0304B5-1B6F-48BD-8B60-7E6D8BA9E99D}.Debug|Any CPU.Build.0 = Debug|Any CPU
		{9C0304B5-1B6F-48BD-8B60-7E6D8BA9E99D}.Release|Any CPU.ActiveCfg = Release|Any CPU
		{9C0304B5-1B6F-48BD-8B60-7E6D8BA9E99D}.Release|Any CPU.Build.0 = Release|Any CPU
		{15B7F1AA-22DA-491F-9F82-95012BB067F3}.Debug|Any CPU.ActiveCfg = Debug|Any CPU
		{15B7F1AA-22DA-491F-9F82-95012BB067F3}.Debug|Any CPU.Build.0 = Debug|Any CPU
		{15B7F1AA-22DA-491F-9F82-95012BB067F3}.Release|Any CPU.ActiveCfg = Release|Any CPU
		{15B7F1AA-22DA-491F-9F82-95012BB067F3}.Release|Any CPU.Build.0 = Release|Any CPU
		{A4A33970-E551-4E52-91EF-7056FCF24579}.Debug|Any CPU.ActiveCfg = Debug|Any CPU
		{A4A33970-E551-4E52-91EF-7056FCF24579}.Debug|Any CPU.Build.0 = Debug|Any CPU
		{A4A33970-E551-4E52-91EF-7056FCF24579}.Release|Any CPU.ActiveCfg = Release|Any CPU
		{A4A33970-E551-4E52-91EF-7056FCF24579}.Release|Any CPU.Build.0 = Release|Any CPU
		{27E0B595-DCCE-49C9-BC4B-468AC0CDE92B}.Debug|Any CPU.ActiveCfg = Debug|Any CPU
		{27E0B595-DCCE-49C9-BC4B-468AC0CDE92B}.Debug|Any CPU.Build.0 = Debug|Any CPU
		{27E0B595-DCCE-49C9-BC4B-468AC0CDE92B}.Release|Any CPU.ActiveCfg = Release|Any CPU
		{27E0B595-DCCE-49C9-BC4B-468AC0CDE92B}.Release|Any CPU.Build.0 = Release|Any CPU
		{8AB7EEBC-C47A-4480-9DC2-C004EE73ACAF}.Debug|Any CPU.ActiveCfg = Debug|Any CPU
		{8AB7EEBC-C47A-4480-9DC2-C004EE73ACAF}.Debug|Any CPU.Build.0 = Debug|Any CPU
		{8AB7EEBC-C47A-4480-9DC2-C004EE73ACAF}.Release|Any CPU.ActiveCfg = Release|Any CPU
		{8AB7EEBC-C47A-4480-9DC2-C004EE73ACAF}.Release|Any CPU.Build.0 = Release|Any CPU
		{FE69A81B-2423-4EDF-925F-87C2682AE416}.Debug|Any CPU.ActiveCfg = Debug|Any CPU
		{FE69A81B-2423-4EDF-925F-87C2682AE416}.Debug|Any CPU.Build.0 = Debug|Any CPU
		{FE69A81B-2423-4EDF-925F-87C2682AE416}.Release|Any CPU.ActiveCfg = Release|Any CPU
		{FE69A81B-2423-4EDF-925F-87C2682AE416}.Release|Any CPU.Build.0 = Release|Any CPU
		{985C8FA1-C70C-46F2-B052-89021153A4D5}.Debug|Any CPU.ActiveCfg = Debug|Any CPU
		{985C8FA1-C70C-46F2-B052-89021153A4D5}.Debug|Any CPU.Build.0 = Debug|Any CPU
		{985C8FA1-C70C-46F2-B052-89021153A4D5}.Release|Any CPU.ActiveCfg = Release|Any CPU
		{985C8FA1-C70C-46F2-B052-89021153A4D5}.Release|Any CPU.Build.0 = Release|Any CPU
		{BDBF18B9-3312-48FC-9476-4AE2BF1D43B7}.Debug|Any CPU.ActiveCfg = Debug|Any CPU
		{BDBF18B9-3312-48FC-9476-4AE2BF1D43B7}.Debug|Any CPU.Build.0 = Debug|Any CPU
		{BDBF18B9-3312-48FC-9476-4AE2BF1D43B7}.Release|Any CPU.ActiveCfg = Release|Any CPU
		{BDBF18B9-3312-48FC-9476-4AE2BF1D43B7}.Release|Any CPU.Build.0 = Release|Any CPU
		{8497CD8C-2C0D-48DE-B10F-905A0CBE714B}.Debug|Any CPU.ActiveCfg = Debug|Any CPU
		{8497CD8C-2C0D-48DE-B10F-905A0CBE714B}.Debug|Any CPU.Build.0 = Debug|Any CPU
		{8497CD8C-2C0D-48DE-B10F-905A0CBE714B}.Release|Any CPU.ActiveCfg = Release|Any CPU
		{8497CD8C-2C0D-48DE-B10F-905A0CBE714B}.Release|Any CPU.Build.0 = Release|Any CPU
		{9A9F05AD-3592-4E07-A379-92FD0F6F7FD1}.Debug|Any CPU.ActiveCfg = Debug|Any CPU
		{9A9F05AD-3592-4E07-A379-92FD0F6F7FD1}.Debug|Any CPU.Build.0 = Debug|Any CPU
		{9A9F05AD-3592-4E07-A379-92FD0F6F7FD1}.Release|Any CPU.ActiveCfg = Release|Any CPU
		{9A9F05AD-3592-4E07-A379-92FD0F6F7FD1}.Release|Any CPU.Build.0 = Release|Any CPU
		{2598373C-6BE5-42C0-90E2-9D7CE3E8DE83}.Debug|Any CPU.ActiveCfg = Debug|Any CPU
		{2598373C-6BE5-42C0-90E2-9D7CE3E8DE83}.Debug|Any CPU.Build.0 = Debug|Any CPU
		{2598373C-6BE5-42C0-90E2-9D7CE3E8DE83}.Release|Any CPU.ActiveCfg = Release|Any CPU
		{2598373C-6BE5-42C0-90E2-9D7CE3E8DE83}.Release|Any CPU.Build.0 = Release|Any CPU
		{CA715372-E1CE-40D2-B2A8-8573457D538A}.Debug|Any CPU.ActiveCfg = Debug|Any CPU
		{CA715372-E1CE-40D2-B2A8-8573457D538A}.Debug|Any CPU.Build.0 = Debug|Any CPU
		{CA715372-E1CE-40D2-B2A8-8573457D538A}.Release|Any CPU.ActiveCfg = Release|Any CPU
		{CA715372-E1CE-40D2-B2A8-8573457D538A}.Release|Any CPU.Build.0 = Release|Any CPU
		{66435E7A-939C-41BF-B330-C547E4D8FDCB}.Debug|Any CPU.ActiveCfg = Debug|Any CPU
		{66435E7A-939C-41BF-B330-C547E4D8FDCB}.Debug|Any CPU.Build.0 = Debug|Any CPU
		{66435E7A-939C-41BF-B330-C547E4D8FDCB}.Release|Any CPU.ActiveCfg = Release|Any CPU
		{66435E7A-939C-41BF-B330-C547E4D8FDCB}.Release|Any CPU.Build.0 = Release|Any CPU
	EndGlobalSection
	GlobalSection(NestedProjects) = preSolution
		{27C03CF3-E889-485F-8D18-DB5CB343E99B} = {8397F202-E819-4200-A2A5-8094C594C0D3}
		{9028DAAB-8BFA-4A13-9434-875362FE37F3} = {8397F202-E819-4200-A2A5-8094C594C0D3}
		{E42E92DA-6AB9-4C6D-B11D-4BCDAE31B040} = {8397F202-E819-4200-A2A5-8094C594C0D3}
		{9C0304B5-1B6F-48BD-8B60-7E6D8BA9E99D} = {8397F202-E819-4200-A2A5-8094C594C0D3}
		{15B7F1AA-22DA-491F-9F82-95012BB067F3} = {8397F202-E819-4200-A2A5-8094C594C0D3}
		{A4A33970-E551-4E52-91EF-7056FCF24579} = {8397F202-E819-4200-A2A5-8094C594C0D3}
		{27E0B595-DCCE-49C9-BC4B-468AC0CDE92B} = {8397F202-E819-4200-A2A5-8094C594C0D3}
		{8AB7EEBC-C47A-4480-9DC2-C004EE73ACAF} = {8397F202-E819-4200-A2A5-8094C594C0D3}
		{FE69A81B-2423-4EDF-925F-87C2682AE416} = {BE4D6C6D-FAB8-4E73-8EDB-4FB292557457}
		{985C8FA1-C70C-46F2-B052-89021153A4D5} = {BE4D6C6D-FAB8-4E73-8EDB-4FB292557457}
		{BDBF18B9-3312-48FC-9476-4AE2BF1D43B7} = {BE4D6C6D-FAB8-4E73-8EDB-4FB292557457}
		{8497CD8C-2C0D-48DE-B10F-905A0CBE714B} = {BE4D6C6D-FAB8-4E73-8EDB-4FB292557457}
		{9A9F05AD-3592-4E07-A379-92FD0F6F7FD1} = {830A1E86-A6C0-47B5-9748-72F6B1865577}
		{2598373C-6BE5-42C0-90E2-9D7CE3E8DE83} = {830A1E86-A6C0-47B5-9748-72F6B1865577}
		{CA715372-E1CE-40D2-B2A8-8573457D538A} = {8397F202-E819-4200-A2A5-8094C594C0D3}
		{66435E7A-939C-41BF-B330-C547E4D8FDCB} = {BE4D6C6D-FAB8-4E73-8EDB-4FB292557457}
	EndGlobalSection
EndGlobal
