
Microsoft Visual Studio Solution File, Format Version 12.00
# Visual Studio Version 17
VisualStudioVersion = 17.0.31903.59
MinimumVisualStudioVersion = 10.0.40219.1
Project("{2150E333-8FDC-42A3-9474-1A3956D46DE8}") = "src", "src", "{AE2C04FD-080B-4824-BA79-5E426331F0B1}"
EndProject
Project("{FAE04EC0-301F-11D3-BF4B-00C04F79EFBC}") = "Bot.Abstractions", "src\Bot.Abstractions\Bot.Abstractions.csproj", "{890D2FA0-D868-4AE6-AEF1-A9EE0487022B}"
EndProject
Project("{FAE04EC0-301F-11D3-BF4B-00C04F79EFBC}") = "Bot.Core", "src\Bot.Core\Bot.Core.csproj", "{4483AE3D-56DA-498B-A973-B05A009BE4A0}"
EndProject
Project("{FAE04EC0-301F-11D3-BF4B-00C04F79EFBC}") = "Bot.Hosting", "src\Bot.Hosting\Bot.Hosting.csproj", "{74B16298-9654-4316-8515-993DCDCE8A68}"
EndProject
Project("{FAE04EC0-301F-11D3-BF4B-00C04F79EFBC}") = "Bot.Storage.File", "src\Bot.Storage.File\Bot.Storage.File.csproj", "{E114C593-98AD-4BC6-95C6-B5381AF75BC1}"
EndProject
Project("{FAE04EC0-301F-11D3-BF4B-00C04F79EFBC}") = "Bot.Telegram", "src\Bot.Telegram\Bot.Telegram.csproj", "{146177C9-B185-421B-B638-77E1BDE50DE3}"
EndProject
Project("{FAE04EC0-301F-11D3-BF4B-00C04F79EFBC}") = "Bot.TestKit", "src\Bot.TestKit\Bot.TestKit.csproj", "{B2BFC90C-EF1F-4053-A4A3-B36B94B9BCC8}"
EndProject
Project("{2150E333-8FDC-42A3-9474-1A3956D46DE8}") = "tests", "tests", "{EA472F20-8C56-4D12-9C01-8774DDDA8088}"
EndProject
Project("{FAE04EC0-301F-11D3-BF4B-00C04F79EFBC}") = "Bot.Core.Tests", "tests\Bot.Core.Tests\Bot.Core.Tests.csproj", "{2A2BE77D-130D-4611-A280-7FE0F314A556}"
EndProject
Project("{FAE04EC0-301F-11D3-BF4B-00C04F79EFBC}") = "Bot.Storage.File.Tests", "tests\Bot.Storage.File.Tests\Bot.Storage.File.Tests.csproj", "{8E173D48-2866-4A60-8CAD-6A5E8FB9DBEA}"
EndProject
Project("{2150E333-8FDC-42A3-9474-1A3956D46DE8}") = "examples", "examples", "{61A6BD81-519F-4F77-8604-F053891F63BE}"
EndProject
Project("{FAE04EC0-301F-11D3-BF4B-00C04F79EFBC}") = "Bot.Examples.HelloBot", "examples\Bot.Examples.HelloBot\Bot.Examples.HelloBot.csproj", "{1F6D1905-C2B3-4C2B-A897-AA61967D7152}"
EndProject
Project("{FAE04EC0-301F-11D3-BF4B-00C04F79EFBC}") = "Bot.Examples.WebhookBot", "examples\Bot.Examples.WebhookBot\Bot.Examples.WebhookBot.csproj", "{674F0F08-7FE0-46C8-B204-659062686EF9}"
EndProject
Global
	GlobalSection(SolutionConfigurationPlatforms) = preSolution
		Debug|Any CPU = Debug|Any CPU
		Release|Any CPU = Release|Any CPU
	EndGlobalSection
	GlobalSection(SolutionProperties) = preSolution
		HideSolutionNode = FALSE
	EndGlobalSection
	GlobalSection(ProjectConfigurationPlatforms) = postSolution
		{890D2FA0-D868-4AE6-AEF1-A9EE0487022B}.Debug|Any CPU.ActiveCfg = Debug|Any CPU
		{890D2FA0-D868-4AE6-AEF1-A9EE0487022B}.Debug|Any CPU.Build.0 = Debug|Any CPU
		{890D2FA0-D868-4AE6-AEF1-A9EE0487022B}.Release|Any CPU.ActiveCfg = Release|Any CPU
		{890D2FA0-D868-4AE6-AEF1-A9EE0487022B}.Release|Any CPU.Build.0 = Release|Any CPU
		{4483AE3D-56DA-498B-A973-B05A009BE4A0}.Debug|Any CPU.ActiveCfg = Debug|Any CPU
		{4483AE3D-56DA-498B-A973-B05A009BE4A0}.Debug|Any CPU.Build.0 = Debug|Any CPU
		{4483AE3D-56DA-498B-A973-B05A009BE4A0}.Release|Any CPU.ActiveCfg = Release|Any CPU
		{4483AE3D-56DA-498B-A973-B05A009BE4A0}.Release|Any CPU.Build.0 = Release|Any CPU
		{74B16298-9654-4316-8515-993DCDCE8A68}.Debug|Any CPU.ActiveCfg = Debug|Any CPU
		{74B16298-9654-4316-8515-993DCDCE8A68}.Debug|Any CPU.Build.0 = Debug|Any CPU
		{74B16298-9654-4316-8515-993DCDCE8A68}.Release|Any CPU.ActiveCfg = Release|Any CPU
		{74B16298-9654-4316-8515-993DCDCE8A68}.Release|Any CPU.Build.0 = Release|Any CPU
		{E114C593-98AD-4BC6-95C6-B5381AF75BC1}.Debug|Any CPU.ActiveCfg = Debug|Any CPU
		{E114C593-98AD-4BC6-95C6-B5381AF75BC1}.Debug|Any CPU.Build.0 = Debug|Any CPU
		{E114C593-98AD-4BC6-95C6-B5381AF75BC1}.Release|Any CPU.ActiveCfg = Release|Any CPU
		{E114C593-98AD-4BC6-95C6-B5381AF75BC1}.Release|Any CPU.Build.0 = Release|Any CPU
		{146177C9-B185-421B-B638-77E1BDE50DE3}.Debug|Any CPU.ActiveCfg = Debug|Any CPU
		{146177C9-B185-421B-B638-77E1BDE50DE3}.Debug|Any CPU.Build.0 = Debug|Any CPU
		{146177C9-B185-421B-B638-77E1BDE50DE3}.Release|Any CPU.ActiveCfg = Release|Any CPU
		{146177C9-B185-421B-B638-77E1BDE50DE3}.Release|Any CPU.Build.0 = Release|Any CPU
		{B2BFC90C-EF1F-4053-A4A3-B36B94B9BCC8}.Debug|Any CPU.ActiveCfg = Debug|Any CPU
		{B2BFC90C-EF1F-4053-A4A3-B36B94B9BCC8}.Debug|Any CPU.Build.0 = Debug|Any CPU
		{B2BFC90C-EF1F-4053-A4A3-B36B94B9BCC8}.Release|Any CPU.ActiveCfg = Release|Any CPU
		{B2BFC90C-EF1F-4053-A4A3-B36B94B9BCC8}.Release|Any CPU.Build.0 = Release|Any CPU
		{2A2BE77D-130D-4611-A280-7FE0F314A556}.Debug|Any CPU.ActiveCfg = Debug|Any CPU
		{2A2BE77D-130D-4611-A280-7FE0F314A556}.Debug|Any CPU.Build.0 = Debug|Any CPU
		{2A2BE77D-130D-4611-A280-7FE0F314A556}.Release|Any CPU.ActiveCfg = Release|Any CPU
		{2A2BE77D-130D-4611-A280-7FE0F314A556}.Release|Any CPU.Build.0 = Release|Any CPU
		{8E173D48-2866-4A60-8CAD-6A5E8FB9DBEA}.Debug|Any CPU.ActiveCfg = Debug|Any CPU
		{8E173D48-2866-4A60-8CAD-6A5E8FB9DBEA}.Debug|Any CPU.Build.0 = Debug|Any CPU
		{8E173D48-2866-4A60-8CAD-6A5E8FB9DBEA}.Release|Any CPU.ActiveCfg = Release|Any CPU
		{8E173D48-2866-4A60-8CAD-6A5E8FB9DBEA}.Release|Any CPU.Build.0 = Release|Any CPU
		{1F6D1905-C2B3-4C2B-A897-AA61967D7152}.Debug|Any CPU.ActiveCfg = Debug|Any CPU
		{1F6D1905-C2B3-4C2B-A897-AA61967D7152}.Debug|Any CPU.Build.0 = Debug|Any CPU
		{1F6D1905-C2B3-4C2B-A897-AA61967D7152}.Release|Any CPU.ActiveCfg = Release|Any CPU
		{1F6D1905-C2B3-4C2B-A897-AA61967D7152}.Release|Any CPU.Build.0 = Release|Any CPU
		{674F0F08-7FE0-46C8-B204-659062686EF9}.Debug|Any CPU.ActiveCfg = Debug|Any CPU
		{674F0F08-7FE0-46C8-B204-659062686EF9}.Debug|Any CPU.Build.0 = Debug|Any CPU
		{674F0F08-7FE0-46C8-B204-659062686EF9}.Release|Any CPU.ActiveCfg = Release|Any CPU
		{674F0F08-7FE0-46C8-B204-659062686EF9}.Release|Any CPU.Build.0 = Release|Any CPU
	EndGlobalSection
	GlobalSection(NestedProjects) = preSolution
		{890D2FA0-D868-4AE6-AEF1-A9EE0487022B} = {AE2C04FD-080B-4824-BA79-5E426331F0B1}
		{4483AE3D-56DA-498B-A973-B05A009BE4A0} = {AE2C04FD-080B-4824-BA79-5E426331F0B1}
		{74B16298-9654-4316-8515-993DCDCE8A68} = {AE2C04FD-080B-4824-BA79-5E426331F0B1}
		{E114C593-98AD-4BC6-95C6-B5381AF75BC1} = {AE2C04FD-080B-4824-BA79-5E426331F0B1}
		{146177C9-B185-421B-B638-77E1BDE50DE3} = {AE2C04FD-080B-4824-BA79-5E426331F0B1}
		{B2BFC90C-EF1F-4053-A4A3-B36B94B9BCC8} = {AE2C04FD-080B-4824-BA79-5E426331F0B1}
		{2A2BE77D-130D-4611-A280-7FE0F314A556} = {EA472F20-8C56-4D12-9C01-8774DDDA8088}
		{8E173D48-2866-4A60-8CAD-6A5E8FB9DBEA} = {EA472F20-8C56-4D12-9C01-8774DDDA8088}
		{1F6D1905-C2B3-4C2B-A897-AA61967D7152} = {61A6BD81-519F-4F77-8604-F053891F63BE}
		{674F0F08-7FE0-46C8-B204-659062686EF9} = {61A6BD81-519F-4F77-8604-F053891F63BE}
	EndGlobalSection
EndGlobal
