
Microsoft Visual Studio Solution File, Format Version 12.00
# Visual Studio Version 17
VisualStudioVersion = 17.0.31903.59
MinimumVisualStudioVersion = 10.0.40219.1
Project("{2150E333-8FDC-42A3-9474-1A3956D46DE8}") = "src", "src", "{8397F202-E819-4200-A2A5-8094C594C0D3}"
EndProject
Project("{FAE04EC0-301F-11D3-BF4B-00C04F79EFBC}") = "Stalinon.Bot.Abstractions", "src\Stalinon.Bot.Abstractions\Stalinon.Bot.Abstractions.csproj", "{27C03CF3-E889-485F-8D18-DB5CB343E99B}"
EndProject
Project("{FAE04EC0-301F-11D3-BF4B-00C04F79EFBC}") = "Stalinon.Bot.Core", "src\Stalinon.Bot.Core\Stalinon.Bot.Core.csproj", "{9028DAAB-8BFA-4A13-9434-875362FE37F3}"
EndProject
Project("{FAE04EC0-301F-11D3-BF4B-00C04F79EFBC}") = "Stalinon.Bot.Hosting", "src\Stalinon.Bot.Hosting\Stalinon.Bot.Hosting.csproj", "{E42E92DA-6AB9-4C6D-B11D-4BCDAE31B040}"
EndProject
Project("{FAE04EC0-301F-11D3-BF4B-00C04F79EFBC}") = "Stalinon.Bot.Storage.File", "src\Stalinon.Bot.Storage.File\Stalinon.Bot.Storage.File.csproj", "{9C0304B5-1B6F-48BD-8B60-7E6D8BA9E99D}"
EndProject
Project("{FAE04EC0-301F-11D3-BF4B-00C04F79EFBC}") = "Stalinon.Bot.Telegram", "src\Stalinon.Bot.Telegram\Stalinon.Bot.Telegram.csproj", "{15B7F1AA-22DA-491F-9F82-95012BB067F3}"
EndProject
Project("{FAE04EC0-301F-11D3-BF4B-00C04F79EFBC}") = "Stalinon.Bot.TestKit", "src\Stalinon.Bot.TestKit\Stalinon.Bot.TestKit.csproj", "{A4A33970-E551-4E52-91EF-7056FCF24579}"
EndProject
Project("{FAE04EC0-301F-11D3-BF4B-00C04F79EFBC}") = "Stalinon.Bot.Storage.Redis", "src\Stalinon.Bot.Storage.Redis\Stalinon.Bot.Storage.Redis.csproj", "{27E0B595-DCCE-49C9-BC4B-468AC0CDE92B}"
EndProject
Project("{FAE04EC0-301F-11D3-BF4B-00C04F79EFBC}") = "Stalinon.Bot.Storage.EFCore", "src\Stalinon.Bot.Storage.EFCore\Stalinon.Bot.Storage.EFCore.csproj", "{8AB7EEBC-C47A-4480-9DC2-C004EE73ACAF}"
EndProject
Project("{FAE04EC0-301F-11D3-BF4B-00C04F79EFBC}") = "Stalinon.Bot.Scheduler", "src\Stalinon.Bot.Scheduler\Stalinon.Bot.Scheduler.csproj", "{A0139AA1-D695-458D-886A-353C94BBCFD0}"
EndProject
Project("{2150E333-8FDC-42A3-9474-1A3956D46DE8}") = "tests", "tests", "{BE4D6C6D-FAB8-4E73-8EDB-4FB292557457}"
EndProject
Project("{FAE04EC0-301F-11D3-BF4B-00C04F79EFBC}") = "Stalinon.Bot.Core.Tests", "tests\Stalinon.Bot.Core.Tests\Stalinon.Bot.Core.Tests.csproj", "{FE69A81B-2423-4EDF-925F-87C2682AE416}"
EndProject
Project("{FAE04EC0-301F-11D3-BF4B-00C04F79EFBC}") = "Stalinon.Bot.Storage.File.Tests", "tests\Stalinon.Bot.Storage.File.Tests\Stalinon.Bot.Storage.File.Tests.csproj", "{985C8FA1-C70C-46F2-B052-89021153A4D5}"
EndProject
Project("{FAE04EC0-301F-11D3-BF4B-00C04F79EFBC}") = "Stalinon.Bot.Storage.Redis.Tests", "tests\Stalinon.Bot.Storage.Redis.Tests\Stalinon.Bot.Storage.Redis.Tests.csproj", "{BDBF18B9-3312-48FC-9476-4AE2BF1D43B7}"
EndProject
Project("{FAE04EC0-301F-11D3-BF4B-00C04F79EFBC}") = "Stalinon.Bot.Storage.EFCore.Tests", "tests\Stalinon.Bot.Storage.EFCore.Tests\Stalinon.Bot.Storage.EFCore.Tests.csproj", "{8497CD8C-2C0D-48DE-B10F-905A0CBE714B}"
EndProject
Project("{2150E333-8FDC-42A3-9474-1A3956D46DE8}") = "examples", "examples", "{830A1E86-A6C0-47B5-9748-72F6B1865577}"
EndProject
Project("{FAE04EC0-301F-11D3-BF4B-00C04F79EFBC}") = "Stalinon.Bot.Examples.HelloBot", "examples\Stalinon.Bot.Examples.HelloBot\Stalinon.Bot.Examples.HelloBot.csproj", "{9A9F05AD-3592-4E07-A379-92FD0F6F7FD1}"
EndProject
Project("{FAE04EC0-301F-11D3-BF4B-00C04F79EFBC}") = "Stalinon.Bot.Examples.WebhookBot", "examples\Stalinon.Bot.Examples.WebhookBot\Stalinon.Bot.Examples.WebhookBot.csproj", "{2598373C-6BE5-42C0-90E2-9D7CE3E8DE83}"
EndProject
Project("{FAE04EC0-301F-11D3-BF4B-00C04F79EFBC}") = "Stalinon.Bot.Admin.MinimalApi", "src\Stalinon.Bot.Admin.MinimalApi\Stalinon.Bot.Admin.MinimalApi.csproj", "{CA715372-E1CE-40D2-B2A8-8573457D538A}"
EndProject
Project("{FAE04EC0-301F-11D3-BF4B-00C04F79EFBC}") = "Stalinon.Bot.Admin.MinimalApi.Tests", "tests\Stalinon.Bot.Admin.MinimalApi.Tests\Stalinon.Bot.Admin.MinimalApi.Tests.csproj", "{66435E7A-939C-41BF-B330-C547E4D8FDCB}"
EndProject
Project("{2150E333-8FDC-42A3-9474-1A3956D46DE8}") = "docs", "docs", "{DD8D543F-A3EF-409A-8BC1-27CDA8BA1A1E}"
	ProjectSection(SolutionItems) = preProject
		docs\.gitkeep = docs\.gitkeep
		docs\scenes.md = docs\scenes.md
		README.md = README.md
		docs\features.md = docs\features.md
		docs\miniapps.md = docs\miniapps.md
		docs\miniapps-checklist.md = docs\miniapps-checklist.md
		AGENTS.md = AGENTS.md
	EndProjectSection
EndProject
Project("{2150E333-8FDC-42A3-9474-1A3956D46DE8}") = "environment", "environment", "{E44D280A-2370-459E-91F2-A8E79A19FF3F}"
	ProjectSection(SolutionItems) = preProject
		.editorconfig = .editorconfig
		.gitignore = .gitignore
		Stalinon.Bot.sln.DotSettings.user = Stalinon.Bot.sln.DotSettings.user
		Directory.Build.props = Directory.Build.props
		LICENSE = LICENSE
		README.md = README.md
		AGENTS.md = AGENTS.md
	EndProjectSection
EndProject
Project("{FAE04EC0-301F-11D3-BF4B-00C04F79EFBC}") = "Stalinon.Bot.Telegram.Tests", "tests\Stalinon.Bot.Telegram.Tests\Stalinon.Bot.Telegram.Tests.csproj", "{543D0A51-72BF-4DC2-AF6F-55FF36CBB356}"
EndProject
Project("{FAE04EC0-301F-11D3-BF4B-00C04F79EFBC}") = "Stalinon.Bot.WebApp.MinimalApi", "src\Stalinon.Bot.WebApp.MinimalApi\Stalinon.Bot.WebApp.MinimalApi.csproj", "{B3D44FAF-A369-4CAF-981D-2E91DE1F757E}"
EndProject
Project("{FAE04EC0-301F-11D3-BF4B-00C04F79EFBC}") = "Stalinon.Bot.WebApp.MinimalApi.Tests", "tests\Stalinon.Bot.WebApp.MinimalApi.Tests\Stalinon.Bot.WebApp.MinimalApi.Tests.csproj", "{AEE03E41-C7A4-4DE3-B506-DAE60E9A81B5}"
EndProject
Project("{FAE04EC0-301F-11D3-BF4B-00C04F79EFBC}") = "Stalinon.Bot.Examples.WebAppDemo", "examples\Stalinon.Bot.Examples.WebAppDemo\Stalinon.Bot.Examples.WebAppDemo.csproj", "{4386AB31-F08A-4E7F-924A-C1A1B8F79799}"
EndProject
Project("{FAE04EC0-301F-11D3-BF4B-00C04F79EFBC}") = "Stalinon.Bot.Examples.HelloBot.Tests", "tests\Stalinon.Bot.Examples.HelloBot.Tests\Stalinon.Bot.Examples.HelloBot.Tests.csproj", "{3F675810-D3F1-4F54-AFFB-1CF940B19A0D}"
EndProject
Project("{FAE04EC0-301F-11D3-BF4B-00C04F79EFBC}") = "Stalinon.Bot.TestKit.Tests", "tests\Stalinon.Bot.TestKit.Tests\Stalinon.Bot.TestKit.Tests.csproj", "{2A76C41C-F182-4567-AAE5-8BF27DFF2887}"
EndProject
Project("{FAE04EC0-301F-11D3-BF4B-00C04F79EFBC}") = "Stalinon.Bot.Hosting.Tests", "tests\Stalinon.Bot.Hosting.Tests\Stalinon.Bot.Hosting.Tests.csproj", "{6559B11C-7B78-4562-ACC3-8DDE304861EA}"
EndProject
Project("{FAE04EC0-301F-11D3-BF4B-00C04F79EFBC}") = "Stalinon.Bot.Scheduler.Tests", "tests\Stalinon.Bot.Scheduler.Tests\Stalinon.Bot.Scheduler.Tests.csproj", "{46E59850-98D3-43A8-86BD-4C6866420F56}"
EndProject
Project("{FAE04EC0-301F-11D3-BF4B-00C04F79EFBC}") = "Stalinon.Bot.Outbox", "src\Stalinon.Bot.Outbox\Stalinon.Bot.Outbox.csproj", "{0DE1D9B5-F5FA-448A-AC0A-8B4629D01F0E}"
EndProject
Project("{FAE04EC0-301F-11D3-BF4B-00C04F79EFBC}") = "Stalinon.Bot.Outbox.Tests", "tests\Stalinon.Bot.Outbox.Tests\Stalinon.Bot.Outbox.Tests.csproj", "{93960BF9-B9CD-4B2D-8D8B-D6946015801B}"
EndProject
Project("{FAE04EC0-301F-11D3-BF4B-00C04F79EFBC}") = "Stalinon.Bot.Observability", "src\Stalinon.Bot.Observability\Stalinon.Bot.Observability.csproj", "{EDC19DC9-D736-4FF3-993E-CAA1ABC0AB80}"
EndProject
Project("{FAE04EC0-301F-11D3-BF4B-00C04F79EFBC}") = "Stalinon.Bot.Observability.Tests", "tests\Stalinon.Bot.Observability.Tests\Stalinon.Bot.Observability.Tests.csproj", "{C0E9696F-DC45-4B88-A43D-2C1496F9826C}"
EndProject
Project("{FAE04EC0-301F-11D3-BF4B-00C04F79EFBC}") = "Stalinon.Bot.Logging", "src\Stalinon.Bot.Logging\Stalinon.Bot.Logging.csproj", "{B5E627E8-91B3-4302-98C0-2675FF5723EB}"
EndProject
Project("{FAE04EC0-301F-11D3-BF4B-00C04F79EFBC}") = "Stalinon.Bot.Logging.Tests", "tests\Stalinon.Bot.Logging.Tests\Stalinon.Bot.Logging.Tests.csproj", "{59175F4B-653D-4079-8057-A1C68163296B}"
EndProject
Project("{2150E333-8FDC-42A3-9474-1A3956D46DE8}") = "observability", "observability", "{A2C62B8E-02DF-4FD0-94BB-427420748A21}"
	ProjectSection(SolutionItems) = preProject
		docs\observability\grafana-dashboard.json = docs\observability\grafana-dashboard.json
		docs\observability\README.md = docs\observability\README.md
	EndProjectSection
EndProject
Project("{2150E333-8FDC-42A3-9474-1A3956D46DE8}") = "operations", "operations", "{5399BA1F-13DA-4899-8826-2CCEEB1380AA}"
	ProjectSection(SolutionItems) = preProject
		docs\operations\alerts.md = docs\operations\alerts.md
	EndProjectSection
EndProject
Project("{2150E333-8FDC-42A3-9474-1A3956D46DE8}") = "perf", "perf", "{F650CE9E-CDA3-4A68-B12E-9B0A06511733}"
	ProjectSection(SolutionItems) = preProject
		docs\perf\README.md = docs\perf\README.md
	EndProjectSection
EndProject
Project("{2150E333-8FDC-42A3-9474-1A3956D46DE8}") = "scripts", "scripts", "{F3E46120-3DAB-4D19-9976-5586A206E612}"
	ProjectSection(SolutionItems) = preProject
		scripts\pack.ps1 = scripts\pack.ps1
    scripts\pack.sh = scripts\pack.sh
		scripts\quickstart.ps1 = scripts\quickstart.ps1
		scripts\quickstart.sh = scripts\quickstart.sh
	EndProjectSection
EndProject
Project("{2150E333-8FDC-42A3-9474-1A3956D46DE8}") = "templates", "templates", "{AAD138A3-7157-4C11-9525-7A1677F4F5C5}"
EndProject
Project("{FAE04EC0-301F-11D3-BF4B-00C04F79EFBC}") = "Stalinon.Bot.Templates", "templates\\Stalinon.Bot.Templates.csproj", "{0A812624-AAB8-4140-BF8E-C9A7C1F8FA24}"
EndProject
Global
	GlobalSection(SolutionConfigurationPlatforms) = preSolution
		Debug|Any CPU = Debug|Any CPU
		Release|Any CPU = Release|Any CPU
	EndGlobalSection
	GlobalSection(SolutionProperties) = preSolution
		HideSolutionNode = FALSE
	EndGlobalSection
	GlobalSection(ProjectConfigurationPlatforms) = postSolution
		{27C03CF3-E889-485F-8D18-DB5CB343E99B}.Debug|Any CPU.ActiveCfg = Debug|Any CPU
		{27C03CF3-E889-485F-8D18-DB5CB343E99B}.Debug|Any CPU.Build.0 = Debug|Any CPU
		{27C03CF3-E889-485F-8D18-DB5CB343E99B}.Release|Any CPU.ActiveCfg = Release|Any CPU
		{27C03CF3-E889-485F-8D18-DB5CB343E99B}.Release|Any CPU.Build.0 = Release|Any CPU
		{9028DAAB-8BFA-4A13-9434-875362FE37F3}.Debug|Any CPU.ActiveCfg = Debug|Any CPU
		{9028DAAB-8BFA-4A13-9434-875362FE37F3}.Debug|Any CPU.Build.0 = Debug|Any CPU
		{9028DAAB-8BFA-4A13-9434-875362FE37F3}.Release|Any CPU.ActiveCfg = Release|Any CPU
		{9028DAAB-8BFA-4A13-9434-875362FE37F3}.Release|Any CPU.Build.0 = Release|Any CPU
		{E42E92DA-6AB9-4C6D-B11D-4BCDAE31B040}.Debug|Any CPU.ActiveCfg = Debug|Any CPU
		{E42E92DA-6AB9-4C6D-B11D-4BCDAE31B040}.Debug|Any CPU.Build.0 = Debug|Any CPU
		{E42E92DA-6AB9-4C6D-B11D-4BCDAE31B040}.Release|Any CPU.ActiveCfg = Release|Any CPU
		{E42E92DA-6AB9-4C6D-B11D-4BCDAE31B040}.Release|Any CPU.Build.0 = Release|Any CPU
		{9C0304B5-1B6F-48BD-8B60-7E6D8BA9E99D}.Debug|Any CPU.ActiveCfg = Debug|Any CPU
		{9C0304B5-1B6F-48BD-8B60-7E6D8BA9E99D}.Debug|Any CPU.Build.0 = Debug|Any CPU
		{9C0304B5-1B6F-48BD-8B60-7E6D8BA9E99D}.Release|Any CPU.ActiveCfg = Release|Any CPU
		{9C0304B5-1B6F-48BD-8B60-7E6D8BA9E99D}.Release|Any CPU.Build.0 = Release|Any CPU
		{15B7F1AA-22DA-491F-9F82-95012BB067F3}.Debug|Any CPU.ActiveCfg = Debug|Any CPU
		{15B7F1AA-22DA-491F-9F82-95012BB067F3}.Debug|Any CPU.Build.0 = Debug|Any CPU
		{15B7F1AA-22DA-491F-9F82-95012BB067F3}.Release|Any CPU.ActiveCfg = Release|Any CPU
		{15B7F1AA-22DA-491F-9F82-95012BB067F3}.Release|Any CPU.Build.0 = Release|Any CPU
		{A4A33970-E551-4E52-91EF-7056FCF24579}.Debug|Any CPU.ActiveCfg = Debug|Any CPU
		{A4A33970-E551-4E52-91EF-7056FCF24579}.Debug|Any CPU.Build.0 = Debug|Any CPU
		{A4A33970-E551-4E52-91EF-7056FCF24579}.Release|Any CPU.ActiveCfg = Release|Any CPU
		{A4A33970-E551-4E52-91EF-7056FCF24579}.Release|Any CPU.Build.0 = Release|Any CPU
		{27E0B595-DCCE-49C9-BC4B-468AC0CDE92B}.Debug|Any CPU.ActiveCfg = Debug|Any CPU
		{27E0B595-DCCE-49C9-BC4B-468AC0CDE92B}.Debug|Any CPU.Build.0 = Debug|Any CPU
		{27E0B595-DCCE-49C9-BC4B-468AC0CDE92B}.Release|Any CPU.ActiveCfg = Release|Any CPU
		{27E0B595-DCCE-49C9-BC4B-468AC0CDE92B}.Release|Any CPU.Build.0 = Release|Any CPU
		{8AB7EEBC-C47A-4480-9DC2-C004EE73ACAF}.Debug|Any CPU.ActiveCfg = Debug|Any CPU
		{8AB7EEBC-C47A-4480-9DC2-C004EE73ACAF}.Debug|Any CPU.Build.0 = Debug|Any CPU
		{8AB7EEBC-C47A-4480-9DC2-C004EE73ACAF}.Release|Any CPU.ActiveCfg = Release|Any CPU
		{8AB7EEBC-C47A-4480-9DC2-C004EE73ACAF}.Release|Any CPU.Build.0 = Release|Any CPU
		{FE69A81B-2423-4EDF-925F-87C2682AE416}.Debug|Any CPU.ActiveCfg = Debug|Any CPU
		{FE69A81B-2423-4EDF-925F-87C2682AE416}.Debug|Any CPU.Build.0 = Debug|Any CPU
		{FE69A81B-2423-4EDF-925F-87C2682AE416}.Release|Any CPU.ActiveCfg = Release|Any CPU
		{FE69A81B-2423-4EDF-925F-87C2682AE416}.Release|Any CPU.Build.0 = Release|Any CPU
		{985C8FA1-C70C-46F2-B052-89021153A4D5}.Debug|Any CPU.ActiveCfg = Debug|Any CPU
		{985C8FA1-C70C-46F2-B052-89021153A4D5}.Debug|Any CPU.Build.0 = Debug|Any CPU
		{985C8FA1-C70C-46F2-B052-89021153A4D5}.Release|Any CPU.ActiveCfg = Release|Any CPU
		{985C8FA1-C70C-46F2-B052-89021153A4D5}.Release|Any CPU.Build.0 = Release|Any CPU
		{BDBF18B9-3312-48FC-9476-4AE2BF1D43B7}.Debug|Any CPU.ActiveCfg = Debug|Any CPU
		{BDBF18B9-3312-48FC-9476-4AE2BF1D43B7}.Debug|Any CPU.Build.0 = Debug|Any CPU
		{BDBF18B9-3312-48FC-9476-4AE2BF1D43B7}.Release|Any CPU.ActiveCfg = Release|Any CPU
		{BDBF18B9-3312-48FC-9476-4AE2BF1D43B7}.Release|Any CPU.Build.0 = Release|Any CPU
		{8497CD8C-2C0D-48DE-B10F-905A0CBE714B}.Debug|Any CPU.ActiveCfg = Debug|Any CPU
		{8497CD8C-2C0D-48DE-B10F-905A0CBE714B}.Debug|Any CPU.Build.0 = Debug|Any CPU
		{8497CD8C-2C0D-48DE-B10F-905A0CBE714B}.Release|Any CPU.ActiveCfg = Release|Any CPU
		{8497CD8C-2C0D-48DE-B10F-905A0CBE714B}.Release|Any CPU.Build.0 = Release|Any CPU
		{9A9F05AD-3592-4E07-A379-92FD0F6F7FD1}.Debug|Any CPU.ActiveCfg = Debug|Any CPU
		{9A9F05AD-3592-4E07-A379-92FD0F6F7FD1}.Debug|Any CPU.Build.0 = Debug|Any CPU
		{9A9F05AD-3592-4E07-A379-92FD0F6F7FD1}.Release|Any CPU.ActiveCfg = Release|Any CPU
		{9A9F05AD-3592-4E07-A379-92FD0F6F7FD1}.Release|Any CPU.Build.0 = Release|Any CPU
		{2598373C-6BE5-42C0-90E2-9D7CE3E8DE83}.Debug|Any CPU.ActiveCfg = Debug|Any CPU
		{2598373C-6BE5-42C0-90E2-9D7CE3E8DE83}.Debug|Any CPU.Build.0 = Debug|Any CPU
		{2598373C-6BE5-42C0-90E2-9D7CE3E8DE83}.Release|Any CPU.ActiveCfg = Release|Any CPU
		{2598373C-6BE5-42C0-90E2-9D7CE3E8DE83}.Release|Any CPU.Build.0 = Release|Any CPU
		{CA715372-E1CE-40D2-B2A8-8573457D538A}.Debug|Any CPU.ActiveCfg = Debug|Any CPU
		{CA715372-E1CE-40D2-B2A8-8573457D538A}.Debug|Any CPU.Build.0 = Debug|Any CPU
		{CA715372-E1CE-40D2-B2A8-8573457D538A}.Release|Any CPU.ActiveCfg = Release|Any CPU
		{CA715372-E1CE-40D2-B2A8-8573457D538A}.Release|Any CPU.Build.0 = Release|Any CPU
		{66435E7A-939C-41BF-B330-C547E4D8FDCB}.Debug|Any CPU.ActiveCfg = Debug|Any CPU
		{66435E7A-939C-41BF-B330-C547E4D8FDCB}.Debug|Any CPU.Build.0 = Debug|Any CPU
		{66435E7A-939C-41BF-B330-C547E4D8FDCB}.Release|Any CPU.ActiveCfg = Release|Any CPU
		{66435E7A-939C-41BF-B330-C547E4D8FDCB}.Release|Any CPU.Build.0 = Release|Any CPU
		{543D0A51-72BF-4DC2-AF6F-55FF36CBB356}.Debug|Any CPU.ActiveCfg = Debug|Any CPU
		{543D0A51-72BF-4DC2-AF6F-55FF36CBB356}.Debug|Any CPU.Build.0 = Debug|Any CPU
		{543D0A51-72BF-4DC2-AF6F-55FF36CBB356}.Release|Any CPU.ActiveCfg = Release|Any CPU
		{543D0A51-72BF-4DC2-AF6F-55FF36CBB356}.Release|Any CPU.Build.0 = Release|Any CPU
		{B3D44FAF-A369-4CAF-981D-2E91DE1F757E}.Debug|Any CPU.ActiveCfg = Debug|Any CPU
		{B3D44FAF-A369-4CAF-981D-2E91DE1F757E}.Debug|Any CPU.Build.0 = Debug|Any CPU
		{B3D44FAF-A369-4CAF-981D-2E91DE1F757E}.Release|Any CPU.ActiveCfg = Release|Any CPU
		{B3D44FAF-A369-4CAF-981D-2E91DE1F757E}.Release|Any CPU.Build.0 = Release|Any CPU
		{AEE03E41-C7A4-4DE3-B506-DAE60E9A81B5}.Debug|Any CPU.ActiveCfg = Debug|Any CPU
		{AEE03E41-C7A4-4DE3-B506-DAE60E9A81B5}.Debug|Any CPU.Build.0 = Debug|Any CPU
		{AEE03E41-C7A4-4DE3-B506-DAE60E9A81B5}.Release|Any CPU.ActiveCfg = Release|Any CPU
		{AEE03E41-C7A4-4DE3-B506-DAE60E9A81B5}.Release|Any CPU.Build.0 = Release|Any CPU
		{4386AB31-F08A-4E7F-924A-C1A1B8F79799}.Debug|Any CPU.ActiveCfg = Debug|Any CPU
		{4386AB31-F08A-4E7F-924A-C1A1B8F79799}.Debug|Any CPU.Build.0 = Debug|Any CPU
		{4386AB31-F08A-4E7F-924A-C1A1B8F79799}.Release|Any CPU.ActiveCfg = Release|Any CPU
		{4386AB31-F08A-4E7F-924A-C1A1B8F79799}.Release|Any CPU.Build.0 = Release|Any CPU
		{3F675810-D3F1-4F54-AFFB-1CF940B19A0D}.Debug|Any CPU.ActiveCfg = Debug|Any CPU
		{3F675810-D3F1-4F54-AFFB-1CF940B19A0D}.Debug|Any CPU.Build.0 = Debug|Any CPU
		{3F675810-D3F1-4F54-AFFB-1CF940B19A0D}.Release|Any CPU.ActiveCfg = Release|Any CPU
		{3F675810-D3F1-4F54-AFFB-1CF940B19A0D}.Release|Any CPU.Build.0 = Release|Any CPU
		{6559B11C-7B78-4562-ACC3-8DDE304861EA}.Debug|Any CPU.ActiveCfg = Debug|Any CPU
		{6559B11C-7B78-4562-ACC3-8DDE304861EA}.Debug|Any CPU.Build.0 = Debug|Any CPU
		{6559B11C-7B78-4562-ACC3-8DDE304861EA}.Release|Any CPU.ActiveCfg = Release|Any CPU
		{6559B11C-7B78-4562-ACC3-8DDE304861EA}.Release|Any CPU.Build.0 = Release|Any CPU
		{A0139AA1-D695-458D-886A-353C94BBCFD0}.Debug|Any CPU.ActiveCfg = Debug|Any CPU
		{A0139AA1-D695-458D-886A-353C94BBCFD0}.Debug|Any CPU.Build.0 = Debug|Any CPU
		{A0139AA1-D695-458D-886A-353C94BBCFD0}.Release|Any CPU.ActiveCfg = Release|Any CPU
		{A0139AA1-D695-458D-886A-353C94BBCFD0}.Release|Any CPU.Build.0 = Release|Any CPU
		{46E59850-98D3-43A8-86BD-4C6866420F56}.Debug|Any CPU.ActiveCfg = Debug|Any CPU
		{46E59850-98D3-43A8-86BD-4C6866420F56}.Debug|Any CPU.Build.0 = Debug|Any CPU
		{46E59850-98D3-43A8-86BD-4C6866420F56}.Release|Any CPU.ActiveCfg = Release|Any CPU
		{46E59850-98D3-43A8-86BD-4C6866420F56}.Release|Any CPU.Build.0 = Release|Any CPU
		{2A76C41C-F182-4567-AAE5-8BF27DFF2887}.Debug|Any CPU.ActiveCfg = Debug|Any CPU
		{2A76C41C-F182-4567-AAE5-8BF27DFF2887}.Debug|Any CPU.Build.0 = Debug|Any CPU
		{2A76C41C-F182-4567-AAE5-8BF27DFF2887}.Release|Any CPU.ActiveCfg = Release|Any CPU
		{2A76C41C-F182-4567-AAE5-8BF27DFF2887}.Release|Any CPU.Build.0 = Release|Any CPU
		{0DE1D9B5-F5FA-448A-AC0A-8B4629D01F0E}.Debug|Any CPU.ActiveCfg = Debug|Any CPU
		{0DE1D9B5-F5FA-448A-AC0A-8B4629D01F0E}.Debug|Any CPU.Build.0 = Debug|Any CPU
		{0DE1D9B5-F5FA-448A-AC0A-8B4629D01F0E}.Release|Any CPU.ActiveCfg = Release|Any CPU
		{0DE1D9B5-F5FA-448A-AC0A-8B4629D01F0E}.Release|Any CPU.Build.0 = Release|Any CPU
		{93960BF9-B9CD-4B2D-8D8B-D6946015801B}.Debug|Any CPU.ActiveCfg = Debug|Any CPU
		{93960BF9-B9CD-4B2D-8D8B-D6946015801B}.Debug|Any CPU.Build.0 = Debug|Any CPU
		{93960BF9-B9CD-4B2D-8D8B-D6946015801B}.Release|Any CPU.ActiveCfg = Release|Any CPU
		{93960BF9-B9CD-4B2D-8D8B-D6946015801B}.Release|Any CPU.Build.0 = Release|Any CPU
		{EDC19DC9-D736-4FF3-993E-CAA1ABC0AB80}.Debug|Any CPU.ActiveCfg = Debug|Any CPU
		{EDC19DC9-D736-4FF3-993E-CAA1ABC0AB80}.Debug|Any CPU.Build.0 = Debug|Any CPU
		{EDC19DC9-D736-4FF3-993E-CAA1ABC0AB80}.Release|Any CPU.ActiveCfg = Release|Any CPU
		{EDC19DC9-D736-4FF3-993E-CAA1ABC0AB80}.Release|Any CPU.Build.0 = Release|Any CPU
		{C0E9696F-DC45-4B88-A43D-2C1496F9826C}.Debug|Any CPU.ActiveCfg = Debug|Any CPU
		{C0E9696F-DC45-4B88-A43D-2C1496F9826C}.Debug|Any CPU.Build.0 = Debug|Any CPU
		{C0E9696F-DC45-4B88-A43D-2C1496F9826C}.Release|Any CPU.ActiveCfg = Release|Any CPU
		{C0E9696F-DC45-4B88-A43D-2C1496F9826C}.Release|Any CPU.Build.0 = Release|Any CPU
		{B5E627E8-91B3-4302-98C0-2675FF5723EB}.Debug|Any CPU.ActiveCfg = Debug|Any CPU
		{B5E627E8-91B3-4302-98C0-2675FF5723EB}.Debug|Any CPU.Build.0 = Debug|Any CPU
		{B5E627E8-91B3-4302-98C0-2675FF5723EB}.Release|Any CPU.ActiveCfg = Release|Any CPU
		{B5E627E8-91B3-4302-98C0-2675FF5723EB}.Release|Any CPU.Build.0 = Release|Any CPU
		{59175F4B-653D-4079-8057-A1C68163296B}.Debug|Any CPU.ActiveCfg = Debug|Any CPU
		{59175F4B-653D-4079-8057-A1C68163296B}.Debug|Any CPU.Build.0 = Debug|Any CPU
		{59175F4B-653D-4079-8057-A1C68163296B}.Release|Any CPU.ActiveCfg = Release|Any CPU
{59175F4B-653D-4079-8057-A1C68163296B}.Release|Any CPU.Build.0 = Release|Any CPU
{0A812624-AAB8-4140-BF8E-C9A7C1F8FA24}.Debug|Any CPU.ActiveCfg = Debug|Any CPU
{0A812624-AAB8-4140-BF8E-C9A7C1F8FA24}.Debug|Any CPU.Build.0 = Debug|Any CPU
{0A812624-AAB8-4140-BF8E-C9A7C1F8FA24}.Release|Any CPU.ActiveCfg = Release|Any CPU
{0A812624-AAB8-4140-BF8E-C9A7C1F8FA24}.Release|Any CPU.Build.0 = Release|Any CPU
EndGlobalSection
	GlobalSection(NestedProjects) = preSolution
		{27C03CF3-E889-485F-8D18-DB5CB343E99B} = {8397F202-E819-4200-A2A5-8094C594C0D3}
		{9028DAAB-8BFA-4A13-9434-875362FE37F3} = {8397F202-E819-4200-A2A5-8094C594C0D3}
		{E42E92DA-6AB9-4C6D-B11D-4BCDAE31B040} = {8397F202-E819-4200-A2A5-8094C594C0D3}
		{9C0304B5-1B6F-48BD-8B60-7E6D8BA9E99D} = {8397F202-E819-4200-A2A5-8094C594C0D3}
		{15B7F1AA-22DA-491F-9F82-95012BB067F3} = {8397F202-E819-4200-A2A5-8094C594C0D3}
		{A4A33970-E551-4E52-91EF-7056FCF24579} = {8397F202-E819-4200-A2A5-8094C594C0D3}
		{27E0B595-DCCE-49C9-BC4B-468AC0CDE92B} = {8397F202-E819-4200-A2A5-8094C594C0D3}
		{8AB7EEBC-C47A-4480-9DC2-C004EE73ACAF} = {8397F202-E819-4200-A2A5-8094C594C0D3}
		{A0139AA1-D695-458D-886A-353C94BBCFD0} = {8397F202-E819-4200-A2A5-8094C594C0D3}
		{FE69A81B-2423-4EDF-925F-87C2682AE416} = {BE4D6C6D-FAB8-4E73-8EDB-4FB292557457}
		{985C8FA1-C70C-46F2-B052-89021153A4D5} = {BE4D6C6D-FAB8-4E73-8EDB-4FB292557457}
		{BDBF18B9-3312-48FC-9476-4AE2BF1D43B7} = {BE4D6C6D-FAB8-4E73-8EDB-4FB292557457}
		{8497CD8C-2C0D-48DE-B10F-905A0CBE714B} = {BE4D6C6D-FAB8-4E73-8EDB-4FB292557457}
		{9A9F05AD-3592-4E07-A379-92FD0F6F7FD1} = {830A1E86-A6C0-47B5-9748-72F6B1865577}
		{2598373C-6BE5-42C0-90E2-9D7CE3E8DE83} = {830A1E86-A6C0-47B5-9748-72F6B1865577}
		{CA715372-E1CE-40D2-B2A8-8573457D538A} = {8397F202-E819-4200-A2A5-8094C594C0D3}
		{66435E7A-939C-41BF-B330-C547E4D8FDCB} = {BE4D6C6D-FAB8-4E73-8EDB-4FB292557457}
		{543D0A51-72BF-4DC2-AF6F-55FF36CBB356} = {BE4D6C6D-FAB8-4E73-8EDB-4FB292557457}
		{B3D44FAF-A369-4CAF-981D-2E91DE1F757E} = {8397F202-E819-4200-A2A5-8094C594C0D3}
		{AEE03E41-C7A4-4DE3-B506-DAE60E9A81B5} = {BE4D6C6D-FAB8-4E73-8EDB-4FB292557457}
		{4386AB31-F08A-4E7F-924A-C1A1B8F79799} = {830A1E86-A6C0-47B5-9748-72F6B1865577}
		{3F675810-D3F1-4F54-AFFB-1CF940B19A0D} = {BE4D6C6D-FAB8-4E73-8EDB-4FB292557457}
		{6559B11C-7B78-4562-ACC3-8DDE304861EA} = {BE4D6C6D-FAB8-4E73-8EDB-4FB292557457}
		{46E59850-98D3-43A8-86BD-4C6866420F56} = {BE4D6C6D-FAB8-4E73-8EDB-4FB292557457}
		{2A76C41C-F182-4567-AAE5-8BF27DFF2887} = {BE4D6C6D-FAB8-4E73-8EDB-4FB292557457}
		{0DE1D9B5-F5FA-448A-AC0A-8B4629D01F0E} = {8397F202-E819-4200-A2A5-8094C594C0D3}
		{93960BF9-B9CD-4B2D-8D8B-D6946015801B} = {BE4D6C6D-FAB8-4E73-8EDB-4FB292557457}
		{EDC19DC9-D736-4FF3-993E-CAA1ABC0AB80} = {8397F202-E819-4200-A2A5-8094C594C0D3}
		{C0E9696F-DC45-4B88-A43D-2C1496F9826C} = {BE4D6C6D-FAB8-4E73-8EDB-4FB292557457}
		{B5E627E8-91B3-4302-98C0-2675FF5723EB} = {8397F202-E819-4200-A2A5-8094C594C0D3}
		{59175F4B-653D-4079-8057-A1C68163296B} = {BE4D6C6D-FAB8-4E73-8EDB-4FB292557457}
		{A2C62B8E-02DF-4FD0-94BB-427420748A21} = {DD8D543F-A3EF-409A-8BC1-27CDA8BA1A1E}
		{5399BA1F-13DA-4899-8826-2CCEEB1380AA} = {DD8D543F-A3EF-409A-8BC1-27CDA8BA1A1E}
{F650CE9E-CDA3-4A68-B12E-9B0A06511733} = {DD8D543F-A3EF-409A-8BC1-27CDA8BA1A1E}
{0A812624-AAB8-4140-BF8E-C9A7C1F8FA24} = {AAD138A3-7157-4C11-9525-7A1677F4F5C5}
EndGlobalSection
EndGlobal
