{
  "version": 1,
  "dependencies": {
    "net8.0": {
      "Microsoft.CodeAnalysis.NetAnalyzers": {
        "type": "Direct",
        "requested": "[9.0.0, )",
        "resolved": "9.0.0",
        "contentHash": "JajbvkrBgtdRghavIjcJuNHMOja4lqBmEezbhZyqWPYh2cpLhT5mPpfC7NQVDO4IehWQum9t/nwF4v+qQGtYWg=="
      },
      "Microsoft.SourceLink.GitHub": {
        "type": "Direct",
        "requested": "[8.0.0, )",
        "resolved": "8.0.0",
        "contentHash": "G5q7OqtwIyGTkeIOAc3u2ZuV/kicQaec5EaRnc0pIeSnh9LUjj+PYQrJYBURvDt7twGl2PKA7nSN0kz1Zw5bnQ==",
        "dependencies": {
          "Microsoft.Build.Tasks.Git": "8.0.0",
          "Microsoft.SourceLink.Common": "8.0.0"
        }
      },
      "Cronos": {
        "type": "Transitive",
        "resolved": "0.7.1",
        "contentHash": "aa2DY3qGBnwX7/jW4c17PyRlIeAtc5nYTlAPekc0113jcbBuz9vQkQaQ9NG+TNGlAj4esFxh8OuKUv4vmAODbw=="
      },
      "Microsoft.Build.Tasks.Git": {
        "type": "Transitive",
        "resolved": "8.0.0",
        "contentHash": "bZKfSIKJRXLTuSzLudMFte/8CempWjVamNUR5eHJizsy+iuOuO/k2gnh7W0dHJmYY0tBf+gUErfluCv5mySAOQ=="
      },
      "Microsoft.Data.Sqlite.Core": {
        "type": "Transitive",
        "resolved": "8.0.4",
        "contentHash": "x5FE5m1h31UIDEk0j3r38HtYvsa0fxd5jXzvE/SARI7LecXt/jm4z2SUl6TEoJGQOo9Ow2wg3a0MU2E1TVVAdA==",
        "dependencies": {
          "SQLitePCLRaw.core": "2.1.6"
        }
      },
      "Microsoft.EntityFrameworkCore": {
        "type": "Transitive",
        "resolved": "8.0.4",
        "contentHash": "/kyu9pXuxQvhg8RO/oN5Q5Og7cDIVvZtrt1z48rX7Yido+zEGkUkp3/Bjd9u45N2uuPPF8mn2pKDlAewCvv3/Q==",
        "dependencies": {
          "Microsoft.EntityFrameworkCore.Abstractions": "8.0.4",
          "Microsoft.EntityFrameworkCore.Analyzers": "8.0.4",
          "Microsoft.Extensions.Caching.Memory": "8.0.0",
          "Microsoft.Extensions.Logging": "8.0.0"
        }
      },
      "Microsoft.EntityFrameworkCore.Abstractions": {
        "type": "Transitive",
        "resolved": "8.0.4",
        "contentHash": "S50pjtPNOvRktacaO6UAhvGCPMT56wxqEq8fQfcjaSUySPGba6mKWo6ackw6DdeAR1cA6U+U0uj27warA2KtJA=="
      },
      "Microsoft.EntityFrameworkCore.Analyzers": {
        "type": "Transitive",
        "resolved": "8.0.4",
        "contentHash": "P8hfMZECdbgle4Us8HGRUKAjqVwgbtr5JqtCxqEoiVORrNQAmcpu3g1NKwTAoUsO9Z0QRgExtYoAmdggR/DkMQ=="
      },
      "Microsoft.EntityFrameworkCore.Relational": {
        "type": "Transitive",
        "resolved": "8.0.4",
        "contentHash": "aWLT6e9a8oMzXgF0YQpYYa3mDeU+yb2UQSQ+RrIgyGgSpzPfSKgpA7v2kOVDuZr2AQ6NNAlWPaBG7wZuKQI96w==",
        "dependencies": {
          "Microsoft.EntityFrameworkCore": "8.0.4",
          "Microsoft.Extensions.Configuration.Abstractions": "8.0.0"
        }
      },
      "Microsoft.EntityFrameworkCore.Sqlite": {
        "type": "Transitive",
        "resolved": "8.0.4",
        "contentHash": "7y0Z7y1SwBNswxlNY9zduqk5I0+pWWzYIFhtJtvo55RcfomIQDmOODG/s5+iOxv0JoVHjFOgAc8AMI3DwAaoig==",
        "dependencies": {
          "Microsoft.EntityFrameworkCore.Sqlite.Core": "8.0.4",
          "SQLitePCLRaw.bundle_e_sqlite3": "2.1.6"
        }
      },
      "Microsoft.EntityFrameworkCore.Sqlite.Core": {
        "type": "Transitive",
        "resolved": "8.0.4",
        "contentHash": "4XCrL6vdFQSXZY6b89cXvjYNvTKP5azMvgacI2XE+B0D7Lg3zYSjmfLZYWfR3j3izx5X8xCTkHZnaRHHfHcv+w==",
        "dependencies": {
          "Microsoft.Data.Sqlite.Core": "8.0.4",
          "Microsoft.EntityFrameworkCore.Relational": "8.0.4",
          "Microsoft.Extensions.DependencyModel": "8.0.0"
        }
      },
      "Microsoft.Extensions.Caching.Abstractions": {
        "type": "Transitive",
        "resolved": "8.0.0",
        "contentHash": "3KuSxeHoNYdxVYfg2IRZCThcrlJ1XJqIXkAWikCsbm5C/bCjv7G0WoKDyuR98Q+T607QT2Zl5GsbGRkENcV2yQ==",
        "dependencies": {
          "Microsoft.Extensions.Primitives": "8.0.0"
        }
      },
      "Microsoft.Extensions.Caching.Memory": {
        "type": "Transitive",
        "resolved": "8.0.0",
        "contentHash": "7pqivmrZDzo1ADPkRwjy+8jtRKWRCPag9qPI+p7sgu7Q4QreWhcvbiWXsbhP+yY8XSiDvZpu2/LWdBv7PnmOpQ==",
        "dependencies": {
          "Microsoft.Extensions.Caching.Abstractions": "8.0.0",
          "Microsoft.Extensions.DependencyInjection.Abstractions": "8.0.0",
          "Microsoft.Extensions.Logging.Abstractions": "8.0.0",
          "Microsoft.Extensions.Options": "8.0.0",
          "Microsoft.Extensions.Primitives": "8.0.0"
        }
      },
      "Microsoft.Extensions.Configuration": {
        "type": "Transitive",
        "resolved": "10.0.0-preview.7.25380.108",
        "contentHash": "bqeb/og5BMVpJ0cAfVgHhyNPfQa/uF/t6MhoQ9Z0kAUuOvk+hCfnSKlx2CZUzrkrWN6zK/jRXZW8RsbIxtzexw==",
        "dependencies": {
          "Microsoft.Extensions.Configuration.Abstractions": "10.0.0-preview.7.25380.108",
          "Microsoft.Extensions.Primitives": "10.0.0-preview.7.25380.108"
        }
      },
      "Microsoft.Extensions.Configuration.Abstractions": {
        "type": "Transitive",
        "resolved": "10.0.0-preview.7.25380.108",
        "contentHash": "Tos2R09p02UbSg97w7QNr+dNTKuBtmsWKy4+awTnn2d34CXDpsKkAdDis6gLmhuCjz4c0HyB5S0l2ahaqu+u7A==",
        "dependencies": {
          "Microsoft.Extensions.Primitives": "10.0.0-preview.7.25380.108"
        }
      },
      "Microsoft.Extensions.Configuration.Binder": {
        "type": "Transitive",
        "resolved": "10.0.0-preview.7.25380.108",
        "contentHash": "BAcZtIevY+MgiTX9t9iuz8CoYmGPoL1QeAlhNav8EVJmNlhKR/H7nESjxJifejcCRuwQ+dcXlFtHo1xrCMaZWA==",
        "dependencies": {
          "Microsoft.Extensions.Configuration": "10.0.0-preview.7.25380.108",
          "Microsoft.Extensions.Configuration.Abstractions": "10.0.0-preview.7.25380.108"
        }
      },
      "Microsoft.Extensions.DependencyInjection": {
        "type": "Transitive",
        "resolved": "10.0.0-preview.7.25380.108",
        "contentHash": "UVMEx1ZOOugXCNxXARPsmtu7B3RzYShFoeGvmO4wA1OmcW8cOSXr7QNTiCTp3uXNrx14daefmDX/BlsExlZyVg==",
        "dependencies": {
          "Microsoft.Extensions.DependencyInjection.Abstractions": "10.0.0-preview.7.25380.108"
        }
      },
      "Microsoft.Extensions.DependencyInjection.Abstractions": {
        "type": "Transitive",
        "resolved": "10.0.0-preview.7.25380.108",
        "contentHash": "0oSQ8o2O8eMxaInqR1GykEzzlerBTN3xQMsEtaWA4zbf1LmrqV7H9ctTTjK4oMeWMCTb9mfYoN9fsVWbAhkTXA=="
      },
      "Microsoft.Extensions.DependencyModel": {
        "type": "Transitive",
        "resolved": "8.0.0",
        "contentHash": "NSmDw3K0ozNDgShSIpsZcbFIzBX4w28nDag+TfaQujkXGazBm+lid5onlWoCBy4VsLxqnnKjEBbGSJVWJMf43g==",
        "dependencies": {
          "System.Text.Encodings.Web": "8.0.0",
          "System.Text.Json": "8.0.0"
        }
      },
      "Microsoft.Extensions.Diagnostics": {
        "type": "Transitive",
        "resolved": "10.0.0-preview.7.25380.108",
        "contentHash": "hbUpAah1f1gSx7NT7GKnmnzdQiP6POB7Mo8HNGZQ5qdcsZm6c3e6toK92u4kMkgJ9Cp0mRgL2wIyDfT6ixS/qw==",
        "dependencies": {
          "Microsoft.Extensions.Configuration": "10.0.0-preview.7.25380.108",
          "Microsoft.Extensions.Diagnostics.Abstractions": "10.0.0-preview.7.25380.108",
          "Microsoft.Extensions.Options.ConfigurationExtensions": "10.0.0-preview.7.25380.108"
        }
      },
      "Microsoft.Extensions.Diagnostics.Abstractions": {
        "type": "Transitive",
        "resolved": "10.0.0-preview.7.25380.108",
        "contentHash": "4KCRTDM1TUA1+zwUBefsM9vjCRzAjkhLOsITu5X/z8GxdwxvhVRQL3svELII4AwcWG2PUvAqWHIGnjmKlYJmIQ==",
        "dependencies": {
          "Microsoft.Extensions.DependencyInjection.Abstractions": "10.0.0-preview.7.25380.108",
          "Microsoft.Extensions.Options": "10.0.0-preview.7.25380.108",
          "System.Diagnostics.DiagnosticSource": "10.0.0-preview.7.25380.108"
        }
      },
      "Microsoft.Extensions.FileProviders.Abstractions": {
        "type": "Transitive",
        "resolved": "10.0.0-preview.7.25380.108",
        "contentHash": "lvXcu7o7ETZ0SRPTOMhMuzyABFSiTwQdye1ATqdQH4u0n46s0QtTMN8u8zrHdIDtU5zv8hv3PqnOmmQt6lMzEQ==",
        "dependencies": {
          "Microsoft.Extensions.Primitives": "10.0.0-preview.7.25380.108"
        }
      },
      "Microsoft.Extensions.Hosting.Abstractions": {
        "type": "Transitive",
        "resolved": "10.0.0-preview.7.25380.108",
        "contentHash": "J6zRebs9tVxWat6q3Z8v1fknqYhUbyUVoZYiGqhu7g+ChVYeCdp/YL2qSvC/Ap/KThXu6+C+R40gdDPCjUq5EQ==",
        "dependencies": {
          "Microsoft.Extensions.Configuration.Abstractions": "10.0.0-preview.7.25380.108",
          "Microsoft.Extensions.DependencyInjection.Abstractions": "10.0.0-preview.7.25380.108",
          "Microsoft.Extensions.Diagnostics.Abstractions": "10.0.0-preview.7.25380.108",
          "Microsoft.Extensions.FileProviders.Abstractions": "10.0.0-preview.7.25380.108",
          "Microsoft.Extensions.Logging.Abstractions": "10.0.0-preview.7.25380.108"
        }
      },
      "Microsoft.Extensions.Http": {
        "type": "Transitive",
        "resolved": "10.0.0-preview.7.25380.108",
        "contentHash": "HDLd4lk/mZnF1AzXV3HkpznVXWaL3JMrVDSfpw3OORdsQadUICuREtZvNcBoUcj3cvi2kLKIbwlmWmQZC0rCHw==",
        "dependencies": {
          "Microsoft.Extensions.Configuration.Abstractions": "10.0.0-preview.7.25380.108",
          "Microsoft.Extensions.DependencyInjection.Abstractions": "10.0.0-preview.7.25380.108",
          "Microsoft.Extensions.Diagnostics": "10.0.0-preview.7.25380.108",
          "Microsoft.Extensions.Logging": "10.0.0-preview.7.25380.108",
          "Microsoft.Extensions.Logging.Abstractions": "10.0.0-preview.7.25380.108",
          "Microsoft.Extensions.Options": "10.0.0-preview.7.25380.108"
        }
      },
      "Microsoft.Extensions.Logging": {
        "type": "Transitive",
        "resolved": "10.0.0-preview.7.25380.108",
        "contentHash": "vktcXpKfaF3TEC5OoAv2ySdImeBErcbFwUduuFIGvKOdYGw1B1N8ZpG5GLxApMXFgygdMcAFrkotDWzOF1npUA==",
        "dependencies": {
          "Microsoft.Extensions.DependencyInjection": "10.0.0-preview.7.25380.108",
          "Microsoft.Extensions.Logging.Abstractions": "10.0.0-preview.7.25380.108",
          "Microsoft.Extensions.Options": "10.0.0-preview.7.25380.108"
        }
      },
      "Microsoft.Extensions.Logging.Abstractions": {
        "type": "Transitive",
        "resolved": "10.0.0-preview.7.25380.108",
        "contentHash": "qfx62EG7wvjym/GusNX+kzqPByIVYiXyqBYaObQlIch5YukiVd4ovUJHALYt11jpcxpv9nmjgmqahIluf2j5xA==",
        "dependencies": {
          "Microsoft.Extensions.DependencyInjection.Abstractions": "10.0.0-preview.7.25380.108",
          "System.Diagnostics.DiagnosticSource": "10.0.0-preview.7.25380.108"
        }
      },
      "Microsoft.Extensions.Logging.Configuration": {
        "type": "Transitive",
        "resolved": "10.0.0-preview.7.25380.108",
        "contentHash": "nfivpgjltKnYWCT62WtNgaRyyTv92nRYkqJabEQIvmtlQrjuYNb/kiECy74+jd4t4AQPx3hlPn9hWiLGvIEHhg==",
        "dependencies": {
          "Microsoft.Extensions.Configuration": "10.0.0-preview.7.25380.108",
          "Microsoft.Extensions.Configuration.Abstractions": "10.0.0-preview.7.25380.108",
          "Microsoft.Extensions.Configuration.Binder": "10.0.0-preview.7.25380.108",
          "Microsoft.Extensions.DependencyInjection.Abstractions": "10.0.0-preview.7.25380.108",
          "Microsoft.Extensions.Logging": "10.0.0-preview.7.25380.108",
          "Microsoft.Extensions.Logging.Abstractions": "10.0.0-preview.7.25380.108",
          "Microsoft.Extensions.Options": "10.0.0-preview.7.25380.108",
          "Microsoft.Extensions.Options.ConfigurationExtensions": "10.0.0-preview.7.25380.108"
        }
      },
      "Microsoft.Extensions.Logging.Console": {
        "type": "Transitive",
        "resolved": "10.0.0-preview.7.25380.108",
        "contentHash": "VfOeXETfctJamiTwovg1SmyfEboi8klawzpE6hv45f8KPajn/PPTuYRCQjaQWiP0praYdAJWrV4TjvDF0+xxeg==",
        "dependencies": {
          "Microsoft.Extensions.DependencyInjection.Abstractions": "10.0.0-preview.7.25380.108",
          "Microsoft.Extensions.Logging": "10.0.0-preview.7.25380.108",
          "Microsoft.Extensions.Logging.Abstractions": "10.0.0-preview.7.25380.108",
          "Microsoft.Extensions.Logging.Configuration": "10.0.0-preview.7.25380.108",
          "Microsoft.Extensions.Options": "10.0.0-preview.7.25380.108",
          "System.Text.Json": "10.0.0-preview.7.25380.108"
        }
      },
      "Microsoft.Extensions.Options": {
        "type": "Transitive",
        "resolved": "10.0.0-preview.7.25380.108",
        "contentHash": "kG3XdCpBiMSxPsAeMCy8YhHpe3sUlSoBGuZQfTcC/VaWKrvpQ5OrbhBCfb/SOPLzWexijSsDwtgjYenRvqE91Q==",
        "dependencies": {
          "Microsoft.Extensions.DependencyInjection.Abstractions": "10.0.0-preview.7.25380.108",
          "Microsoft.Extensions.Primitives": "10.0.0-preview.7.25380.108"
        }
      },
      "Microsoft.Extensions.Options.ConfigurationExtensions": {
        "type": "Transitive",
        "resolved": "10.0.0-preview.7.25380.108",
        "contentHash": "z05jUKh7+6FTFE+Obdg6wEQqvdxNf+ty5YUZ9VjNyzYcoN9hZMbX7RucTifl4CZCJXadlv79C7ZCSmHIK4x0pw==",
        "dependencies": {
          "Microsoft.Extensions.Configuration.Abstractions": "10.0.0-preview.7.25380.108",
          "Microsoft.Extensions.Configuration.Binder": "10.0.0-preview.7.25380.108",
          "Microsoft.Extensions.DependencyInjection.Abstractions": "10.0.0-preview.7.25380.108",
          "Microsoft.Extensions.Options": "10.0.0-preview.7.25380.108",
          "Microsoft.Extensions.Primitives": "10.0.0-preview.7.25380.108"
        }
      },
      "Microsoft.Extensions.Primitives": {
        "type": "Transitive",
        "resolved": "10.0.0-preview.7.25380.108",
        "contentHash": "0oC37fX0irgi29vN8JQdvXn1jZI6upCIs8Q8J+loetDrWrB3fwYBqbUdz/mMS41G+kkjCSaGRfZM8dBiZqqMpw=="
      },
      "Microsoft.IdentityModel.Abstractions": {
        "type": "Transitive",
        "resolved": "7.5.1",
        "contentHash": "PT16ZFbPIiMsYv07oy3zOjqUOJ7xutGBkJTOX0+IbNyU6+O6X7aIxjq9EaSSRLWbekRgamgtmfg8Xjw6A6Ua9g=="
      },
      "Microsoft.IdentityModel.JsonWebTokens": {
        "type": "Transitive",
        "resolved": "7.5.1",
        "contentHash": "93CGSa8RPdZU8zfvA3nf9NGKUqEnQrE12VzYlMqKh72ddhzusosqLNEUgH/YhFWBLRFOnY1RCgHMV7pR+sAx2w==",
        "dependencies": {
          "Microsoft.IdentityModel.Tokens": "7.5.1"
        }
      },
      "Microsoft.IdentityModel.Logging": {
        "type": "Transitive",
        "resolved": "7.5.1",
        "contentHash": "PnpAQX20BAiDIPYmWUyQSlEaWD8BLXzHpiDGTCT568Cs0ReOeyzNe401LzCeiv6ilug/KefVeV1CeqtCHTo8dw==",
        "dependencies": {
          "Microsoft.IdentityModel.Abstractions": "7.5.1"
        }
      },
      "Microsoft.IdentityModel.Tokens": {
        "type": "Transitive",
        "resolved": "7.5.1",
        "contentHash": "Q3DKpyFViP84IUlTFKH/zIkswIrmSh2Vd/eFDo4wlOHy4DYxoweZEEw4kDEiKt9VCX6o7SddK3HK2xDYyFpexA==",
        "dependencies": {
          "Microsoft.IdentityModel.Logging": "7.5.1"
        }
      },
      "Microsoft.SourceLink.Common": {
        "type": "Transitive",
        "resolved": "8.0.0",
        "contentHash": "dk9JPxTCIevS75HyEQ0E4OVAFhB2N+V9ShCXf8Q6FkUQZDkgLI12y679Nym1YqsiSysuQskT7Z+6nUf3yab6Vw=="
      },
      "Npgsql": {
        "type": "Transitive",
        "resolved": "8.0.3",
        "contentHash": "6WEmzsQJCZAlUG1pThKg/RmeF6V+I0DmBBBE/8YzpRtEzhyZzKcK7ulMANDm5CkxrALBEC8H+5plxHWtIL7xnA==",
        "dependencies": {
          "Microsoft.Extensions.Logging.Abstractions": "8.0.0"
        }
      },
      "Npgsql.EntityFrameworkCore.PostgreSQL": {
        "type": "Transitive",
        "resolved": "8.0.4",
        "contentHash": "/hHd9MqTRVDgIpsToCcxMDxZqla0HAQACiITkq1+L9J2hmHKV6lBAPlauF+dlNSfHpus7rrljWx4nAanKD6qAw==",
        "dependencies": {
          "Microsoft.EntityFrameworkCore": "8.0.4",
          "Microsoft.EntityFrameworkCore.Abstractions": "8.0.4",
          "Microsoft.EntityFrameworkCore.Relational": "8.0.4",
          "Npgsql": "8.0.3"
        }
      },
      "OpenTelemetry": {
        "type": "Transitive",
        "resolved": "1.12.0",
        "contentHash": "aIEu2O3xFOdwIVH0AJsIHPIMH1YuX18nzu7BHyaDNQ6NWSk4Zyrs9Pp6y8SATuSbvdtmvue4mj/QZ3838srbwA==",
        "dependencies": {
          "Microsoft.Extensions.Diagnostics.Abstractions": "9.0.0",
          "Microsoft.Extensions.Logging.Configuration": "9.0.0",
          "OpenTelemetry.Api.ProviderBuilderExtensions": "1.12.0"
        }
      },
      "OpenTelemetry.Api": {
        "type": "Transitive",
        "resolved": "1.12.0",
        "contentHash": "Xt0qldi+iE2szGrM3jAqzEMEJd48YBtqI6mge0+ArXTZg3aTpRmyhL6CKKl3bLioaFSSVbBpEbPin8u6Z46Yrw==",
        "dependencies": {
          "System.Diagnostics.DiagnosticSource": "9.0.0"
        }
      },
      "OpenTelemetry.Api.ProviderBuilderExtensions": {
        "type": "Transitive",
        "resolved": "1.12.0",
        "contentHash": "t6Vk1143BfiisCWYbRcyzkAuN6Aq5RkYtfOSMoqCIRMvtN9p1e1xzc0nWQ+fccNGOVgHn3aMK5xFn2+iWMcr8A==",
        "dependencies": {
          "Microsoft.Extensions.DependencyInjection.Abstractions": "9.0.0",
          "OpenTelemetry.Api": "1.12.0"
        }
      },
      "OpenTelemetry.Exporter.OpenTelemetryProtocol": {
        "type": "Transitive",
        "resolved": "1.12.0",
        "contentHash": "7LzQSPhz5pNaL4xZgT3wkZODA1NLrEq3bet8KDHgtaJ9q+VNP7wmiZky8gQfMkB4FXuI/pevT8ZurL4p5997WA==",
        "dependencies": {
          "OpenTelemetry": "1.12.0"
        }
      },
      "OpenTelemetry.Exporter.Prometheus.AspNetCore": {
        "type": "Transitive",
        "resolved": "1.9.0-alpha.1",
        "contentHash": "Dy5rM8ICfW3ewi3+nhsdwBDJKJzO7F9nGJp2ouYIks+nK19yenfVL/ijDjzspI0ienpsCN/fwwJtKs2CxmzEsg==",
        "dependencies": {
          "OpenTelemetry": "1.8.1"
        }
      },
      "OpenTelemetry.Extensions.Hosting": {
        "type": "Transitive",
        "resolved": "1.12.0",
        "contentHash": "6/8O6rsJRwslg5/Fm3bscBelw4Yh9T9CN24p7cAsuEFkrmmeSO9gkYUCK02Qi+CmPM2KHYTLjKi0lJaCsDMWQA==",
        "dependencies": {
          "Microsoft.Extensions.Hosting.Abstractions": "9.0.0",
          "OpenTelemetry": "1.12.0"
        }
      },
      "Pipelines.Sockets.Unofficial": {
        "type": "Transitive",
        "resolved": "2.2.8",
        "contentHash": "zG2FApP5zxSx6OcdJQLbZDk2AVlN2BNQD6MorwIfV6gVj0RRxWPEp2LXAxqDGZqeNV1Zp0BNPcNaey/GXmTdvQ==",
        "dependencies": {
          "System.IO.Pipelines": "5.0.1"
        }
      },
      "SQLitePCLRaw.bundle_e_sqlite3": {
        "type": "Transitive",
        "resolved": "2.1.6",
        "contentHash": "BmAf6XWt4TqtowmiWe4/5rRot6GerAeklmOPfviOvwLoF5WwgxcJHAxZtySuyW9r9w+HLILnm8VfJFLCUJYW8A==",
        "dependencies": {
          "SQLitePCLRaw.lib.e_sqlite3": "2.1.6",
          "SQLitePCLRaw.provider.e_sqlite3": "2.1.6"
        }
      },
      "SQLitePCLRaw.core": {
        "type": "Transitive",
        "resolved": "2.1.6",
        "contentHash": "wO6v9GeMx9CUngAet8hbO7xdm+M42p1XeJq47ogyRoYSvNSp0NGLI+MgC0bhrMk9C17MTVFlLiN6ylyExLCc5w==",
        "dependencies": {
          "System.Memory": "4.5.3"
        }
      },
      "SQLitePCLRaw.lib.e_sqlite3": {
        "type": "Transitive",
        "resolved": "2.1.6",
        "contentHash": "2ObJJLkIUIxRpOUlZNGuD4rICpBnrBR5anjyfUFQep4hMOIeqW+XGQYzrNmHSVz5xSWZ3klSbh7sFR6UyDj68Q=="
      },
      "SQLitePCLRaw.provider.e_sqlite3": {
        "type": "Transitive",
        "resolved": "2.1.6",
        "contentHash": "PQ2Oq3yepLY4P7ll145P3xtx2bX8xF4PzaKPRpw9jZlKvfe4LE/saAV82inND9usn1XRpmxXk7Lal3MTI+6CNg==",
        "dependencies": {
          "SQLitePCLRaw.core": "2.1.6"
        }
      },
      "StackExchange.Redis": {
        "type": "Transitive",
        "resolved": "2.6.122",
        "contentHash": "wp7mvGpFXaevfZ07/SDeh/6YHUJEgwJIGyjbDWKBYbPwKMJQYFz9zFEmBptqtVzqvSgft5nlewwutoaMaG0LPA==",
        "dependencies": {
          "Pipelines.Sockets.Unofficial": "2.2.8"
        }
      },
      "System.Diagnostics.DiagnosticSource": {
        "type": "Transitive",
        "resolved": "10.0.0-preview.7.25380.108",
        "contentHash": "kHZv+joysoqdqT4jGOKl8UgErOQWesLaUK9IaPeBynWAUI4aWgevdCC7ElKu1X9MKsL4jzwtbIMaPgXhaWSDcw=="
      },
      "System.IdentityModel.Tokens.Jwt": {
        "type": "Transitive",
        "resolved": "7.5.1",
        "contentHash": "UUw+E0R73lZLlXgneYIJQxNs1kfbcxjVzw64JQyiwjqCd4HMpAbjn+xRo86QZT84uHq8/MkqvfH82tgjgPzpuw==",
        "dependencies": {
          "Microsoft.IdentityModel.JsonWebTokens": "7.5.1",
          "Microsoft.IdentityModel.Tokens": "7.5.1"
        }
      },
      "System.IO.Pipelines": {
        "type": "Transitive",
        "resolved": "10.0.0-preview.7.25380.108",
        "contentHash": "slurKPtdBDWlI83hys0unMhpyLVOSQbVG0VzkmWwkLtxduMx8ntNEUvUCBFhViVDjczHULP/IZ96PXcW0K2LiA=="
      },
      "System.Memory": {
        "type": "Transitive",
        "resolved": "4.5.3",
        "contentHash": "3oDzvc/zzetpTKWMShs1AADwZjQ/36HnsufHRPcOjyRAAMLDlu2iD33MBI2opxnezcVUtXyqDXXjoFMOU9c7SA=="
      },
      "System.Text.Encodings.Web": {
        "type": "Transitive",
        "resolved": "10.0.0-preview.7.25380.108",
        "contentHash": "oUaEQ2QWJe+Kli1VNsGYNetxhNZT/jsceJY2YTpVdFomNz8p9yEbFJs/DRRnNQ6Ll0pkJCc3TKKEnRG6VqpSzA=="
      },
      "System.Text.Json": {
        "type": "Transitive",
        "resolved": "10.0.0-preview.7.25380.108",
        "contentHash": "zjK7PodODLzga3/DZ/KpNgBnT2Hhz0pEtVL3U6wtjVbBeHu1vpu7RmaRuagbfXDzTQOD+6k8FmOBKm/GAOW5QQ==",
        "dependencies": {
          "System.IO.Pipelines": "10.0.0-preview.7.25380.108",
          "System.Text.Encodings.Web": "10.0.0-preview.7.25380.108"
        }
      },
      "Telegram.Bot": {
        "type": "Transitive",
        "resolved": "22.6.2",
        "contentHash": "HI16lnj+kTfPBdQ5U77PV3J2Qq3s5K7/2nH+YvIw9P0iS977ayAIvm2+/BOynf6nQ6D7PJ1IfdhKgj56MwILhw==",
        "dependencies": {
          "Microsoft.Extensions.Options.ConfigurationExtensions": "8.0.0",
          "System.Text.Json": "8.0.5"
        }
      },
      "bot.abstractions": {
        "type": "Project"
      },
      "bot.core": {
        "type": "Project",
        "dependencies": {
          "Bot.Abstractions": "[1.0.0, )",
          "Bot.Outbox": "[1.0.0, )",
          "Microsoft.Extensions.Diagnostics": "[10.0.0-preview.7.25380.108, )",
          "Microsoft.Extensions.Logging": "[10.0.0-preview.7.25380.108, )"
        }
      },
      "bot.hosting": {
        "type": "Project",
        "dependencies": {
          "Bot.Core": "[1.0.0, )",
          "Bot.Logging": "[1.0.0, )",
          "Bot.Observability": "[1.0.0, )",
          "Bot.Scheduler": "[1.0.0, )",
          "Bot.Storage.EFCore": "[1.0.0, )",
          "Bot.Storage.File": "[1.0.0, )",
          "Bot.Storage.Redis": "[1.0.0, )",
          "Microsoft.Extensions.Diagnostics": "[10.0.0-preview.7.25380.108, )",
          "Microsoft.Extensions.Hosting.Abstractions": "[10.0.0-preview.7.25380.108, )",
          "OpenTelemetry.Extensions.Hosting": "[1.12.0, )"
        }
      },
      "bot.logging": {
        "type": "Project",
        "dependencies": {
          "Microsoft.Extensions.Logging.Console": "[10.0.0-preview.7.25380.108, )"
        }
      },
      "bot.observability": {
        "type": "Project",
        "dependencies": {
          "Bot.Abstractions": "[1.0.0, )",
          "Microsoft.Extensions.DependencyInjection.Abstractions": "[10.0.0-preview.7.25380.108, )",
          "OpenTelemetry.Exporter.OpenTelemetryProtocol": "[1.12.0, )",
          "OpenTelemetry.Exporter.Prometheus.AspNetCore": "[1.9.0-alpha.1, )",
          "OpenTelemetry.Extensions.Hosting": "[1.12.0, )"
        }
      },
      "bot.outbox": {
        "type": "Project",
        "dependencies": {
          "StackExchange.Redis": "[2.6.122, )"
        }
      },
      "bot.scheduler": {
        "type": "Project",
        "dependencies": {
          "Bot.Abstractions": "[1.0.0, )",
          "Cronos": "[0.7.1, )",
          "Microsoft.Extensions.DependencyInjection.Abstractions": "[8.0.0, )",
          "Microsoft.Extensions.Hosting.Abstractions": "[8.0.0, )"
        }
      },
      "bot.storage.efcore": {
        "type": "Project",
        "dependencies": {
          "Bot.Abstractions": "[1.0.0, )",
          "Microsoft.EntityFrameworkCore": "[8.0.4, )",
          "Microsoft.EntityFrameworkCore.Relational": "[8.0.4, )",
          "Microsoft.EntityFrameworkCore.Sqlite": "[8.0.4, )",
          "Npgsql.EntityFrameworkCore.PostgreSQL": "[8.0.4, )"
        }
      },
      "bot.storage.file": {
        "type": "Project",
        "dependencies": {
          "Bot.Abstractions": "[1.0.0, )"
        }
      },
      "bot.storage.redis": {
        "type": "Project",
        "dependencies": {
          "Bot.Abstractions": "[1.0.0, )",
          "StackExchange.Redis": "[2.6.122, )"
        }
      },
      "bot.telegram": {
        "type": "Project",
        "dependencies": {
          "Bot.Abstractions": "[1.0.0, )",
          "Bot.Core": "[1.0.0, )",
          "Bot.Hosting": "[1.0.0, )",
          "Bot.Observability": "[1.0.0, )",
          "Bot.Outbox": "[1.0.0, )",
          "Microsoft.Extensions.DependencyInjection.Abstractions": "[10.0.0-preview.7.25380.108, )",
          "Microsoft.Extensions.Http": "[10.0.0-preview.7.25380.108, )",
          "Microsoft.Extensions.Options": "[10.0.0-preview.7.25380.108, )",
          "Telegram.Bot": "[22.6.2, )"
        }
      },
      "bot.webapp.minimalapi": {
        "type": "Project",
        "dependencies": {
          "Bot.Hosting": "[1.0.0, )",
          "Bot.Telegram": "[1.0.0, )",
          "System.IdentityModel.Tokens.Jwt": "[7.5.1, )"
        }
      }
    }
  }
}